
Microsoft Visual Studio Solution File, Format Version 12.00
# Visual Studio Version 16
VisualStudioVersion = 16.0.31624.102
MinimumVisualStudioVersion = 10.0.40219.1
Project("{FAE04EC0-301F-11D3-BF4B-00C04F79EFBC}") = "WindowsFormsApp1", "WindowsFormsApp1\WindowsFormsApp1.csproj", "{ACC7B0C9-0CF9-4BB2-AC4D-B0DE646C5606}"
EndProject
Global
	GlobalSection(SolutionConfigurationPlatforms) = preSolution
		Debug|Any CPU = Debug|Any CPU
		Release|Any CPU = Release|Any CPU
	EndGlobalSection
	GlobalSection(ProjectConfigurationPlatforms) = postSolution
		{ACC7B0C9-0CF9-4BB2-AC4D-B0DE646C5606}.Debug|Any CPU.ActiveCfg = Debug|Any CPU
		{ACC7B0C9-0CF9-4BB2-AC4D-B0DE646C5606}.Debug|Any CPU.Build.0 = Debug|Any CPU
		{ACC7B0C9-0CF9-4BB2-AC4D-B0DE646C5606}.Release|Any CPU.ActiveCfg = Release|Any CPU
		{ACC7B0C9-0CF9-4BB2-AC4D-B0DE646C5606}.Release|Any CPU.Build.0 = Release|Any CPU
	EndGlobalSection
	GlobalSection(SolutionProperties) = preSolution
		HideSolutionNode = FALSE
	EndGlobalSection
	GlobalSection(ExtensibilityGlobals) = postSolution
		SolutionGuid = {FA956EEC-AB4C-47CC-9AEA-4379C94ACB98}
	EndGlobalSection
EndGlobal
